
Microsoft Visual Studio Solution File, Format Version 12.00
# Visual Studio 15
VisualStudioVersion = 15.0.28307.960
MinimumVisualStudioVersion = 10.0.40219.1
Project("{FAE04EC0-301F-11D3-BF4B-00C04F79EFBC}") = "APIPost2-0", "APIPost2.0\APIPost2-0.csproj", "{FBAE3304-FA81-4BA1-9DBD-473900C28210}"
EndProject
Global
	GlobalSection(SolutionConfigurationPlatforms) = preSolution
		Debug|Any CPU = Debug|Any CPU
		Release|Any CPU = Release|Any CPU
	EndGlobalSection
	GlobalSection(ProjectConfigurationPlatforms) = postSolution
		{FBAE3304-FA81-4BA1-9DBD-473900C28210}.Debug|Any CPU.ActiveCfg = Debug|Any CPU
		{FBAE3304-FA81-4BA1-9DBD-473900C28210}.Debug|Any CPU.Build.0 = Debug|Any CPU
		{FBAE3304-FA81-4BA1-9DBD-473900C28210}.Release|Any CPU.ActiveCfg = Release|Any CPU
		{FBAE3304-FA81-4BA1-9DBD-473900C28210}.Release|Any CPU.Build.0 = Release|Any CPU
	EndGlobalSection
	GlobalSection(SolutionProperties) = preSolution
		HideSolutionNode = FALSE
	EndGlobalSection
	GlobalSection(ExtensibilityGlobals) = postSolution
		SolutionGuid = {8BDED13F-ABF0-4129-862E-2E1921117267}
	EndGlobalSection
EndGlobal
